// !$*UTF8*$!
{
	archiveVersion = 1;
	classes = {
	};
	objectVersion = 56;
	objects = {

/* Begin PBXBuildFile section */
		D5333A922C15D92700E7FB6A /* Kingfisher in Frameworks */ = {isa = PBXBuildFile; productRef = D5333A912C15D92700E7FB6A /* Kingfisher */; };
		D5333A952C15E19000E7FB6A /* SettingsView.swift in Sources */ = {isa = PBXBuildFile; fileRef = D5333A942C15E19000E7FB6A /* SettingsView.swift */; };
		D5333A982C15FA0000E7FB6A /* SaveLocationViewModel.swift in Sources */ = {isa = PBXBuildFile; fileRef = D5333A972C15FA0000E7FB6A /* SaveLocationViewModel.swift */; };
		D5333A9A2C15FDC200E7FB6A /* SaveLocationSearchView.swift in Sources */ = {isa = PBXBuildFile; fileRef = D5333A992C15FDC200E7FB6A /* SaveLocationSearchView.swift */; };
		D5333A9C2C16060300E7FB6A /* LocationSearchResultView.swift in Sources */ = {isa = PBXBuildFile; fileRef = D5333A9B2C16060300E7FB6A /* LocationSearchResultView.swift */; };
		D5333A9E2C160FBE00E7FB6A /* SavedLocations.swift in Sources */ = {isa = PBXBuildFile; fileRef = D5333A9D2C160FBE00E7FB6A /* SavedLocations.swift */; };
		D56670722C157BF400A2FAF2 /* GoogleService-Info.plist in Resources */ = {isa = PBXBuildFile; fileRef = D56670712C157BF400A2FAF2 /* GoogleService-Info.plist */; };
		D56670762C157D9200A2FAF2 /* FirebaseAuth in Frameworks */ = {isa = PBXBuildFile; productRef = D56670752C157D9200A2FAF2 /* FirebaseAuth */; };
		D56670782C157DA300A2FAF2 /* FirebaseFirestore in Frameworks */ = {isa = PBXBuildFile; productRef = D56670772C157DA300A2FAF2 /* FirebaseFirestore */; };
		D566707A2C157DA300A2FAF2 /* FirebaseFirestoreSwift in Frameworks */ = {isa = PBXBuildFile; productRef = D56670792C157DA300A2FAF2 /* FirebaseFirestoreSwift */; };
		D566707C2C157DAC00A2FAF2 /* FirebaseStorage in Frameworks */ = {isa = PBXBuildFile; productRef = D566707B2C157DAC00A2FAF2 /* FirebaseStorage */; };
		D566707F2C157F5300A2FAF2 /* AuthService.swift in Sources */ = {isa = PBXBuildFile; fileRef = D566707E2C157F5300A2FAF2 /* AuthService.swift */; };
		D56670812C15816400A2FAF2 /* AuthViewModel.swift in Sources */ = {isa = PBXBuildFile; fileRef = D56670802C15816400A2FAF2 /* AuthViewModel.swift */; };
		D56670862C1581D300A2FAF2 /* RootScreen.swift in Sources */ = {isa = PBXBuildFile; fileRef = D56670852C1581D300A2FAF2 /* RootScreen.swift */; };
		D56670882C1581E700A2FAF2 /* RootScreenViewModel.swift in Sources */ = {isa = PBXBuildFile; fileRef = D56670872C1581E700A2FAF2 /* RootScreenViewModel.swift */; };
		D566708B2C1584A600A2FAF2 /* UserItem.swift in Sources */ = {isa = PBXBuildFile; fileRef = D566708A2C1584A600A2FAF2 /* UserItem.swift */; };
		D566708D2C158B7A00A2FAF2 /* String.swift in Sources */ = {isa = PBXBuildFile; fileRef = D566708C2C158B7A00A2FAF2 /* String.swift */; };
		D566708F2C158B9700A2FAF2 /* ToSomething.swift in Sources */ = {isa = PBXBuildFile; fileRef = D566708E2C158B9700A2FAF2 /* ToSomething.swift */; };
		D56670942C159AB600A2FAF2 /* CustomProgressView.swift in Sources */ = {isa = PBXBuildFile; fileRef = D56670932C159AB600A2FAF2 /* CustomProgressView.swift */; };
		D56670992C15ACFC00A2FAF2 /* SideMenuView.swift in Sources */ = {isa = PBXBuildFile; fileRef = D56670982C15ACFC00A2FAF2 /* SideMenuView.swift */; };
		D5A92CD92C14270B00E6952E /* UberSwiftUIApp.swift in Sources */ = {isa = PBXBuildFile; fileRef = D5A92CD82C14270B00E6952E /* UberSwiftUIApp.swift */; };
		D5A92CDD2C14270E00E6952E /* Assets.xcassets in Resources */ = {isa = PBXBuildFile; fileRef = D5A92CDC2C14270E00E6952E /* Assets.xcassets */; };
		D5A92CE02C14270E00E6952E /* Preview Assets.xcassets in Resources */ = {isa = PBXBuildFile; fileRef = D5A92CDF2C14270E00E6952E /* Preview Assets.xcassets */; };
		D5A92CEE2C14279100E6952E /* HomeView.swift in Sources */ = {isa = PBXBuildFile; fileRef = D5A92CED2C14279100E6952E /* HomeView.swift */; };
		D5A92CF02C1427CB00E6952E /* UberMapViewRepresentable.swift in Sources */ = {isa = PBXBuildFile; fileRef = D5A92CEF2C1427CB00E6952E /* UberMapViewRepresentable.swift */; };
		D5A92CF22C14296800E6952E /* LocationManager.swift in Sources */ = {isa = PBXBuildFile; fileRef = D5A92CF12C14296800E6952E /* LocationManager.swift */; };
		D5A92CF82C14325600E6952E /* LocationSearchActivationView.swift in Sources */ = {isa = PBXBuildFile; fileRef = D5A92CF72C14325600E6952E /* LocationSearchActivationView.swift */; };
		D5A92CFA2C14383D00E6952E /* MapViewActionButton.swift in Sources */ = {isa = PBXBuildFile; fileRef = D5A92CF92C14383D00E6952E /* MapViewActionButton.swift */; };
		D5A92CFC2C143AEF00E6952E /* LocationSearchView.swift in Sources */ = {isa = PBXBuildFile; fileRef = D5A92CFB2C143AEF00E6952E /* LocationSearchView.swift */; };
		D5A92CFE2C143DA400E6952E /* LocationSearchResultCell.swift in Sources */ = {isa = PBXBuildFile; fileRef = D5A92CFD2C143DA400E6952E /* LocationSearchResultCell.swift */; };
		D5A92D002C1445A400E6952E /* LocationSearchViewModel.swift in Sources */ = {isa = PBXBuildFile; fileRef = D5A92CFF2C1445A400E6952E /* LocationSearchViewModel.swift */; };
		D5A92D022C14668000E6952E /* MapViewState.swift in Sources */ = {isa = PBXBuildFile; fileRef = D5A92D012C14668000E6952E /* MapViewState.swift */; };
		D5A92D052C14882700E6952E /* RideRequestView.swift in Sources */ = {isa = PBXBuildFile; fileRef = D5A92D042C14882700E6952E /* RideRequestView.swift */; };
		D5A92D072C149D9F00E6952E /* RideType.swift in Sources */ = {isa = PBXBuildFile; fileRef = D5A92D062C149D9F00E6952E /* RideType.swift */; };
		D5A92D092C14AC0300E6952E /* Double.swift in Sources */ = {isa = PBXBuildFile; fileRef = D5A92D082C14AC0300E6952E /* Double.swift */; };
		D5A92D0E2C14BB1300E6952E /* UberLocation.swift in Sources */ = {isa = PBXBuildFile; fileRef = D5A92D0D2C14BB1300E6952E /* UberLocation.swift */; };
		D5A92D102C14C0D000E6952E /* Date.swift in Sources */ = {isa = PBXBuildFile; fileRef = D5A92D0F2C14C0D000E6952E /* Date.swift */; };
		D5A92D122C14C59E00E6952E /* Color.swift in Sources */ = {isa = PBXBuildFile; fileRef = D5A92D112C14C59E00E6952E /* Color.swift */; };
		D5A92D172C14E7F800E6952E /* LoginView.swift in Sources */ = {isa = PBXBuildFile; fileRef = D5A92D162C14E7F800E6952E /* LoginView.swift */; };
		D5A92D192C14E80C00E6952E /* RegistrationView.swift in Sources */ = {isa = PBXBuildFile; fileRef = D5A92D182C14E80C00E6952E /* RegistrationView.swift */; };
		D5BB0F3E2C150145008EF19D /* CustomTextField.swift in Sources */ = {isa = PBXBuildFile; fileRef = D5BB0F3D2C150145008EF19D /* CustomTextField.swift */; };
		D5D381372C15C3A900EBB02F /* SideMenuOption.swift in Sources */ = {isa = PBXBuildFile; fileRef = D5D381362C15C3A900EBB02F /* SideMenuOption.swift */; };
		D5D381392C15D87C00EBB02F /* RoundedImageView.swift in Sources */ = {isa = PBXBuildFile; fileRef = D5D381382C15D87C00EBB02F /* RoundedImageView.swift */; };
/* End PBXBuildFile section */

/* Begin PBXFileReference section */
		D5333A942C15E19000E7FB6A /* SettingsView.swift */ = {isa = PBXFileReference; lastKnownFileType = sourcecode.swift; path = SettingsView.swift; sourceTree = "<group>"; };
		D5333A972C15FA0000E7FB6A /* SaveLocationViewModel.swift */ = {isa = PBXFileReference; lastKnownFileType = sourcecode.swift; path = SaveLocationViewModel.swift; sourceTree = "<group>"; };
		D5333A992C15FDC200E7FB6A /* SaveLocationSearchView.swift */ = {isa = PBXFileReference; lastKnownFileType = sourcecode.swift; path = SaveLocationSearchView.swift; sourceTree = "<group>"; };
		D5333A9B2C16060300E7FB6A /* LocationSearchResultView.swift */ = {isa = PBXFileReference; lastKnownFileType = sourcecode.swift; path = LocationSearchResultView.swift; sourceTree = "<group>"; };
		D5333A9D2C160FBE00E7FB6A /* SavedLocations.swift */ = {isa = PBXFileReference; lastKnownFileType = sourcecode.swift; path = SavedLocations.swift; sourceTree = "<group>"; };
		D56670712C157BF400A2FAF2 /* GoogleService-Info.plist */ = {isa = PBXFileReference; fileEncoding = 4; lastKnownFileType = text.plist.xml; path = "GoogleService-Info.plist"; sourceTree = "<group>"; };
		D566707E2C157F5300A2FAF2 /* AuthService.swift */ = {isa = PBXFileReference; lastKnownFileType = sourcecode.swift; path = AuthService.swift; sourceTree = "<group>"; };
		D56670802C15816400A2FAF2 /* AuthViewModel.swift */ = {isa = PBXFileReference; lastKnownFileType = sourcecode.swift; path = AuthViewModel.swift; sourceTree = "<group>"; };
		D56670852C1581D300A2FAF2 /* RootScreen.swift */ = {isa = PBXFileReference; lastKnownFileType = sourcecode.swift; path = RootScreen.swift; sourceTree = "<group>"; };
		D56670872C1581E700A2FAF2 /* RootScreenViewModel.swift */ = {isa = PBXFileReference; lastKnownFileType = sourcecode.swift; path = RootScreenViewModel.swift; sourceTree = "<group>"; };
		D566708A2C1584A600A2FAF2 /* UserItem.swift */ = {isa = PBXFileReference; lastKnownFileType = sourcecode.swift; path = UserItem.swift; sourceTree = "<group>"; };
		D566708C2C158B7A00A2FAF2 /* String.swift */ = {isa = PBXFileReference; lastKnownFileType = sourcecode.swift; path = String.swift; sourceTree = "<group>"; };
		D566708E2C158B9700A2FAF2 /* ToSomething.swift */ = {isa = PBXFileReference; lastKnownFileType = sourcecode.swift; path = ToSomething.swift; sourceTree = "<group>"; };
		D56670932C159AB600A2FAF2 /* CustomProgressView.swift */ = {isa = PBXFileReference; lastKnownFileType = sourcecode.swift; path = CustomProgressView.swift; sourceTree = "<group>"; };
		D56670982C15ACFC00A2FAF2 /* SideMenuView.swift */ = {isa = PBXFileReference; lastKnownFileType = sourcecode.swift; path = SideMenuView.swift; sourceTree = "<group>"; };
		D5A92CD52C14270B00E6952E /* UberSwiftUI.app */ = {isa = PBXFileReference; explicitFileType = wrapper.application; includeInIndex = 0; path = UberSwiftUI.app; sourceTree = BUILT_PRODUCTS_DIR; };
		D5A92CD82C14270B00E6952E /* UberSwiftUIApp.swift */ = {isa = PBXFileReference; lastKnownFileType = sourcecode.swift; path = UberSwiftUIApp.swift; sourceTree = "<group>"; };
		D5A92CDC2C14270E00E6952E /* Assets.xcassets */ = {isa = PBXFileReference; lastKnownFileType = folder.assetcatalog; path = Assets.xcassets; sourceTree = "<group>"; };
		D5A92CDF2C14270E00E6952E /* Preview Assets.xcassets */ = {isa = PBXFileReference; lastKnownFileType = folder.assetcatalog; path = "Preview Assets.xcassets"; sourceTree = "<group>"; };
		D5A92CED2C14279100E6952E /* HomeView.swift */ = {isa = PBXFileReference; lastKnownFileType = sourcecode.swift; path = HomeView.swift; sourceTree = "<group>"; };
		D5A92CEF2C1427CB00E6952E /* UberMapViewRepresentable.swift */ = {isa = PBXFileReference; lastKnownFileType = sourcecode.swift; path = UberMapViewRepresentable.swift; sourceTree = "<group>"; };
		D5A92CF12C14296800E6952E /* LocationManager.swift */ = {isa = PBXFileReference; lastKnownFileType = sourcecode.swift; path = LocationManager.swift; sourceTree = "<group>"; };
		D5A92CF72C14325600E6952E /* LocationSearchActivationView.swift */ = {isa = PBXFileReference; lastKnownFileType = sourcecode.swift; path = LocationSearchActivationView.swift; sourceTree = "<group>"; };
		D5A92CF92C14383D00E6952E /* MapViewActionButton.swift */ = {isa = PBXFileReference; lastKnownFileType = sourcecode.swift; path = MapViewActionButton.swift; sourceTree = "<group>"; };
		D5A92CFB2C143AEF00E6952E /* LocationSearchView.swift */ = {isa = PBXFileReference; lastKnownFileType = sourcecode.swift; path = LocationSearchView.swift; sourceTree = "<group>"; };
		D5A92CFD2C143DA400E6952E /* LocationSearchResultCell.swift */ = {isa = PBXFileReference; lastKnownFileType = sourcecode.swift; path = LocationSearchResultCell.swift; sourceTree = "<group>"; };
		D5A92CFF2C1445A400E6952E /* LocationSearchViewModel.swift */ = {isa = PBXFileReference; lastKnownFileType = sourcecode.swift; path = LocationSearchViewModel.swift; sourceTree = "<group>"; };
		D5A92D012C14668000E6952E /* MapViewState.swift */ = {isa = PBXFileReference; lastKnownFileType = sourcecode.swift; path = MapViewState.swift; sourceTree = "<group>"; };
		D5A92D042C14882700E6952E /* RideRequestView.swift */ = {isa = PBXFileReference; lastKnownFileType = sourcecode.swift; path = RideRequestView.swift; sourceTree = "<group>"; };
		D5A92D062C149D9F00E6952E /* RideType.swift */ = {isa = PBXFileReference; lastKnownFileType = sourcecode.swift; path = RideType.swift; sourceTree = "<group>"; };
		D5A92D082C14AC0300E6952E /* Double.swift */ = {isa = PBXFileReference; lastKnownFileType = sourcecode.swift; path = Double.swift; sourceTree = "<group>"; };
		D5A92D0D2C14BB1300E6952E /* UberLocation.swift */ = {isa = PBXFileReference; lastKnownFileType = sourcecode.swift; path = UberLocation.swift; sourceTree = "<group>"; };
		D5A92D0F2C14C0D000E6952E /* Date.swift */ = {isa = PBXFileReference; lastKnownFileType = sourcecode.swift; path = Date.swift; sourceTree = "<group>"; };
		D5A92D112C14C59E00E6952E /* Color.swift */ = {isa = PBXFileReference; lastKnownFileType = sourcecode.swift; path = Color.swift; sourceTree = "<group>"; };
		D5A92D162C14E7F800E6952E /* LoginView.swift */ = {isa = PBXFileReference; lastKnownFileType = sourcecode.swift; path = LoginView.swift; sourceTree = "<group>"; };
		D5A92D182C14E80C00E6952E /* RegistrationView.swift */ = {isa = PBXFileReference; lastKnownFileType = sourcecode.swift; path = RegistrationView.swift; sourceTree = "<group>"; };
		D5BB0F3D2C150145008EF19D /* CustomTextField.swift */ = {isa = PBXFileReference; lastKnownFileType = sourcecode.swift; path = CustomTextField.swift; sourceTree = "<group>"; };
		D5D381362C15C3A900EBB02F /* SideMenuOption.swift */ = {isa = PBXFileReference; lastKnownFileType = sourcecode.swift; path = SideMenuOption.swift; sourceTree = "<group>"; };
		D5D381382C15D87C00EBB02F /* RoundedImageView.swift */ = {isa = PBXFileReference; lastKnownFileType = sourcecode.swift; path = RoundedImageView.swift; sourceTree = "<group>"; };
/* End PBXFileReference section */

/* Begin PBXFrameworksBuildPhase section */
		D5A92CD22C14270B00E6952E /* Frameworks */ = {
			isa = PBXFrameworksBuildPhase;
			buildActionMask = 2147483647;
			files = (
				D56670762C157D9200A2FAF2 /* FirebaseAuth in Frameworks */,
				D566707C2C157DAC00A2FAF2 /* FirebaseStorage in Frameworks */,
				D56670782C157DA300A2FAF2 /* FirebaseFirestore in Frameworks */,
				D566707A2C157DA300A2FAF2 /* FirebaseFirestoreSwift in Frameworks */,
				D5333A922C15D92700E7FB6A /* Kingfisher in Frameworks */,
			);
			runOnlyForDeploymentPostprocessing = 0;
		};
/* End PBXFrameworksBuildPhase section */

/* Begin PBXGroup section */
		D5333A932C15E17800E7FB6A /* Settings */ = {
			isa = PBXGroup;
			children = (
				D5333A962C15F9E600E7FB6A /* ViewModel */,
				D5333A942C15E19000E7FB6A /* SettingsView.swift */,
			);
			path = Settings;
			sourceTree = "<group>";
		};
		D5333A962C15F9E600E7FB6A /* ViewModel */ = {
			isa = PBXGroup;
			children = (
				D5333A972C15FA0000E7FB6A /* SaveLocationViewModel.swift */,
			);
			path = ViewModel;
			sourceTree = "<group>";
		};
		D56670742C157D9200A2FAF2 /* Frameworks */ = {
			isa = PBXGroup;
			children = (
			);
			name = Frameworks;
			sourceTree = "<group>";
		};
		D566707D2C157F3C00A2FAF2 /* Services */ = {
			isa = PBXGroup;
			children = (
				D566707E2C157F5300A2FAF2 /* AuthService.swift */,
			);
			path = Services;
			sourceTree = "<group>";
		};
		D56670822C1581AD00A2FAF2 /* Root */ = {
			isa = PBXGroup;
			children = (
				D56670842C1581BC00A2FAF2 /* ViewModel */,
				D56670832C1581B300A2FAF2 /* View */,
			);
			path = Root;
			sourceTree = "<group>";
		};
		D56670832C1581B300A2FAF2 /* View */ = {
			isa = PBXGroup;
			children = (
				D56670852C1581D300A2FAF2 /* RootScreen.swift */,
			);
			path = View;
			sourceTree = "<group>";
		};
		D56670842C1581BC00A2FAF2 /* ViewModel */ = {
			isa = PBXGroup;
			children = (
				D56670872C1581E700A2FAF2 /* RootScreenViewModel.swift */,
			);
			path = ViewModel;
			sourceTree = "<group>";
		};
		D56670892C15849A00A2FAF2 /* Model */ = {
			isa = PBXGroup;
			children = (
			);
			path = Model;
			sourceTree = "<group>";
		};
		D56670922C159AA900A2FAF2 /* Components */ = {
			isa = PBXGroup;
			children = (
				D56670932C159AB600A2FAF2 /* CustomProgressView.swift */,
				D5D381382C15D87C00EBB02F /* RoundedImageView.swift */,
			);
			path = Components;
			sourceTree = "<group>";
		};
		D56670952C15ACC200A2FAF2 /* SideMenu */ = {
			isa = PBXGroup;
			children = (
				D56670972C15ACDF00A2FAF2 /* ViewModel */,
				D56670962C15ACD800A2FAF2 /* View */,
			);
			path = SideMenu;
			sourceTree = "<group>";
		};
		D56670962C15ACD800A2FAF2 /* View */ = {
			isa = PBXGroup;
			children = (
				D56670982C15ACFC00A2FAF2 /* SideMenuView.swift */,
			);
			path = View;
			sourceTree = "<group>";
		};
		D56670972C15ACDF00A2FAF2 /* ViewModel */ = {
			isa = PBXGroup;
			children = (
			);
			path = ViewModel;
			sourceTree = "<group>";
		};
		D5A92CCC2C14270B00E6952E = {
			isa = PBXGroup;
			children = (
				D5A92CD72C14270B00E6952E /* UberSwiftUI */,
				D5A92CD62C14270B00E6952E /* Products */,
				D56670742C157D9200A2FAF2 /* Frameworks */,
			);
			sourceTree = "<group>";
		};
		D5A92CD62C14270B00E6952E /* Products */ = {
			isa = PBXGroup;
			children = (
				D5A92CD52C14270B00E6952E /* UberSwiftUI.app */,
			);
			name = Products;
			sourceTree = "<group>";
		};
		D5A92CD72C14270B00E6952E /* UberSwiftUI */ = {
			isa = PBXGroup;
			children = (
				D56670712C157BF400A2FAF2 /* GoogleService-Info.plist */,
				D5A92D0A2C14B1C200E6952E /* Utils */,
				D5A92CEA2C14272B00E6952E /* App */,
				D5A92CE92C14272800E6952E /* Core */,
				D5A92CE82C14272400E6952E /* Extensions */,
				D5A92CE72C14272000E6952E /* Managers */,
				D5A92CE62C14271D00E6952E /* Models */,
				D5A92CDC2C14270E00E6952E /* Assets.xcassets */,
				D5A92CDE2C14270E00E6952E /* Preview Content */,
			);
			path = UberSwiftUI;
			sourceTree = "<group>";
		};
		D5A92CDE2C14270E00E6952E /* Preview Content */ = {
			isa = PBXGroup;
			children = (
				D5A92CDF2C14270E00E6952E /* Preview Assets.xcassets */,
			);
			path = "Preview Content";
			sourceTree = "<group>";
		};
		D5A92CE62C14271D00E6952E /* Models */ = {
			isa = PBXGroup;
			children = (
				D566708A2C1584A600A2FAF2 /* UserItem.swift */,
				D5A92D012C14668000E6952E /* MapViewState.swift */,
				D5A92D062C149D9F00E6952E /* RideType.swift */,
				D5A92D0D2C14BB1300E6952E /* UberLocation.swift */,
				D5D381362C15C3A900EBB02F /* SideMenuOption.swift */,
				D5333A9D2C160FBE00E7FB6A /* SavedLocations.swift */,
			);
			path = Models;
			sourceTree = "<group>";
		};
		D5A92CE72C14272000E6952E /* Managers */ = {
			isa = PBXGroup;
			children = (
				D5A92CF12C14296800E6952E /* LocationManager.swift */,
			);
			path = Managers;
			sourceTree = "<group>";
		};
		D5A92CE82C14272400E6952E /* Extensions */ = {
			isa = PBXGroup;
			children = (
				D5A92D082C14AC0300E6952E /* Double.swift */,
				D5A92D0F2C14C0D000E6952E /* Date.swift */,
				D5A92D112C14C59E00E6952E /* Color.swift */,
				D566708C2C158B7A00A2FAF2 /* String.swift */,
				D566708E2C158B9700A2FAF2 /* ToSomething.swift */,
			);
			path = Extensions;
			sourceTree = "<group>";
		};
		D5A92CE92C14272800E6952E /* Core */ = {
			isa = PBXGroup;
			children = (
				D5333A932C15E17800E7FB6A /* Settings */,
				D56670952C15ACC200A2FAF2 /* SideMenu */,
				D56670922C159AA900A2FAF2 /* Components */,
				D56670822C1581AD00A2FAF2 /* Root */,
				D5A92D132C14E7CF00E6952E /* Authentication */,
				D5A92D032C1487EA00E6952E /* Trips */,
				D5A92CF42C14322300E6952E /* LocationSearch */,
				D5A92CF32C14313A00E6952E /* Home */,
			);
			path = Core;
			sourceTree = "<group>";
		};
		D5A92CEA2C14272B00E6952E /* App */ = {
			isa = PBXGroup;
			children = (
				D5A92CD82C14270B00E6952E /* UberSwiftUIApp.swift */,
			);
			path = App;
			sourceTree = "<group>";
		};
		D5A92CEB2C14277400E6952E /* ViewModel */ = {
			isa = PBXGroup;
			children = (
			);
			path = ViewModel;
			sourceTree = "<group>";
		};
		D5A92CEC2C14278000E6952E /* View */ = {
			isa = PBXGroup;
			children = (
				D5A92CED2C14279100E6952E /* HomeView.swift */,
				D5A92CEF2C1427CB00E6952E /* UberMapViewRepresentable.swift */,
				D5A92CF92C14383D00E6952E /* MapViewActionButton.swift */,
			);
			path = View;
			sourceTree = "<group>";
		};
		D5A92CF32C14313A00E6952E /* Home */ = {
			isa = PBXGroup;
			children = (
				D5A92CEC2C14278000E6952E /* View */,
				D5A92CEB2C14277400E6952E /* ViewModel */,
			);
			path = Home;
			sourceTree = "<group>";
		};
		D5A92CF42C14322300E6952E /* LocationSearch */ = {
			isa = PBXGroup;
			children = (
				D5A92CF62C14322D00E6952E /* View */,
				D5A92CF52C14322A00E6952E /* ViewModel */,
			);
			path = LocationSearch;
			sourceTree = "<group>";
		};
		D5A92CF52C14322A00E6952E /* ViewModel */ = {
			isa = PBXGroup;
			children = (
				D5A92CFF2C1445A400E6952E /* LocationSearchViewModel.swift */,
			);
			path = ViewModel;
			sourceTree = "<group>";
		};
		D5A92CF62C14322D00E6952E /* View */ = {
			isa = PBXGroup;
			children = (
				D5A92CF72C14325600E6952E /* LocationSearchActivationView.swift */,
				D5A92CFB2C143AEF00E6952E /* LocationSearchView.swift */,
				D5A92CFD2C143DA400E6952E /* LocationSearchResultCell.swift */,
				D5333A992C15FDC200E7FB6A /* SaveLocationSearchView.swift */,
				D5333A9B2C16060300E7FB6A /* LocationSearchResultView.swift */,
			);
			path = View;
			sourceTree = "<group>";
		};
		D5A92D032C1487EA00E6952E /* Trips */ = {
			isa = PBXGroup;
			children = (
				D5A92D042C14882700E6952E /* RideRequestView.swift */,
			);
			path = Trips;
			sourceTree = "<group>";
		};
		D5A92D0A2C14B1C200E6952E /* Utils */ = {
			isa = PBXGroup;
			children = (
			);
			path = Utils;
			sourceTree = "<group>";
		};
		D5A92D132C14E7CF00E6952E /* Authentication */ = {
			isa = PBXGroup;
			children = (
				D56670892C15849A00A2FAF2 /* Model */,
				D566707D2C157F3C00A2FAF2 /* Services */,
				D5A92D152C14E7E400E6952E /* ViewModel */,
				D5A92D142C14E7DC00E6952E /* View */,
			);
			path = Authentication;
			sourceTree = "<group>";
		};
		D5A92D142C14E7DC00E6952E /* View */ = {
			isa = PBXGroup;
			children = (
				D5A92D182C14E80C00E6952E /* RegistrationView.swift */,
				D5A92D162C14E7F800E6952E /* LoginView.swift */,
				D5BB0F3D2C150145008EF19D /* CustomTextField.swift */,
			);
			path = View;
			sourceTree = "<group>";
		};
		D5A92D152C14E7E400E6952E /* ViewModel */ = {
			isa = PBXGroup;
			children = (
				D56670802C15816400A2FAF2 /* AuthViewModel.swift */,
			);
			path = ViewModel;
			sourceTree = "<group>";
		};
/* End PBXGroup section */

/* Begin PBXNativeTarget section */
		D5A92CD42C14270B00E6952E /* UberSwiftUI */ = {
			isa = PBXNativeTarget;
			buildConfigurationList = D5A92CE32C14270E00E6952E /* Build configuration list for PBXNativeTarget "UberSwiftUI" */;
			buildPhases = (
				D5A92CD12C14270B00E6952E /* Sources */,
				D5A92CD22C14270B00E6952E /* Frameworks */,
				D5A92CD32C14270B00E6952E /* Resources */,
			);
			buildRules = (
			);
			dependencies = (
			);
			name = UberSwiftUI;
			packageProductDependencies = (
				D56670752C157D9200A2FAF2 /* FirebaseAuth */,
				D56670772C157DA300A2FAF2 /* FirebaseFirestore */,
				D56670792C157DA300A2FAF2 /* FirebaseFirestoreSwift */,
				D566707B2C157DAC00A2FAF2 /* FirebaseStorage */,
				D5333A912C15D92700E7FB6A /* Kingfisher */,
			);
			productName = UberSwiftUI;
			productReference = D5A92CD52C14270B00E6952E /* UberSwiftUI.app */;
			productType = "com.apple.product-type.application";
		};
/* End PBXNativeTarget section */

/* Begin PBXProject section */
		D5A92CCD2C14270B00E6952E /* Project object */ = {
			isa = PBXProject;
			attributes = {
				BuildIndependentTargetsInParallel = 1;
				LastSwiftUpdateCheck = 1540;
				LastUpgradeCheck = 1540;
				TargetAttributes = {
					D5A92CD42C14270B00E6952E = {
						CreatedOnToolsVersion = 15.4;
					};
				};
			};
			buildConfigurationList = D5A92CD02C14270B00E6952E /* Build configuration list for PBXProject "UberSwiftUI" */;
			compatibilityVersion = "Xcode 14.0";
			developmentRegion = en;
			hasScannedForEncodings = 0;
			knownRegions = (
				en,
				Base,
			);
			mainGroup = D5A92CCC2C14270B00E6952E;
			packageReferences = (
				D56670732C157D3400A2FAF2 /* XCRemoteSwiftPackageReference "firebase-ios-sdk" */,
				D5333A902C15D92700E7FB6A /* XCRemoteSwiftPackageReference "Kingfisher" */,
			);
			productRefGroup = D5A92CD62C14270B00E6952E /* Products */;
			projectDirPath = "";
			projectRoot = "";
			targets = (
				D5A92CD42C14270B00E6952E /* UberSwiftUI */,
			);
		};
/* End PBXProject section */

/* Begin PBXResourcesBuildPhase section */
		D5A92CD32C14270B00E6952E /* Resources */ = {
			isa = PBXResourcesBuildPhase;
			buildActionMask = 2147483647;
			files = (
				D5A92CE02C14270E00E6952E /* Preview Assets.xcassets in Resources */,
				D5A92CDD2C14270E00E6952E /* Assets.xcassets in Resources */,
				D56670722C157BF400A2FAF2 /* GoogleService-Info.plist in Resources */,
			);
			runOnlyForDeploymentPostprocessing = 0;
		};
/* End PBXResourcesBuildPhase section */

/* Begin PBXSourcesBuildPhase section */
		D5A92CD12C14270B00E6952E /* Sources */ = {
			isa = PBXSourcesBuildPhase;
			buildActionMask = 2147483647;
			files = (
				D5A92D002C1445A400E6952E /* LocationSearchViewModel.swift in Sources */,
				D5A92CFC2C143AEF00E6952E /* LocationSearchView.swift in Sources */,
				D5A92D102C14C0D000E6952E /* Date.swift in Sources */,
				D5A92D192C14E80C00E6952E /* RegistrationView.swift in Sources */,
				D5A92D122C14C59E00E6952E /* Color.swift in Sources */,
				D5BB0F3E2C150145008EF19D /* CustomTextField.swift in Sources */,
				D5A92CF22C14296800E6952E /* LocationManager.swift in Sources */,
				D5D381372C15C3A900EBB02F /* SideMenuOption.swift in Sources */,
				D566707F2C157F5300A2FAF2 /* AuthService.swift in Sources */,
				D5A92D052C14882700E6952E /* RideRequestView.swift in Sources */,
				D5333A982C15FA0000E7FB6A /* SaveLocationViewModel.swift in Sources */,
				D5333A9E2C160FBE00E7FB6A /* SavedLocations.swift in Sources */,
				D5333A952C15E19000E7FB6A /* SettingsView.swift in Sources */,
				D5A92D092C14AC0300E6952E /* Double.swift in Sources */,
				D5A92D022C14668000E6952E /* MapViewState.swift in Sources */,
				D5A92CFA2C14383D00E6952E /* MapViewActionButton.swift in Sources */,
				D5A92CD92C14270B00E6952E /* UberSwiftUIApp.swift in Sources */,
				D56670882C1581E700A2FAF2 /* RootScreenViewModel.swift in Sources */,
				D56670862C1581D300A2FAF2 /* RootScreen.swift in Sources */,
				D566708F2C158B9700A2FAF2 /* ToSomething.swift in Sources */,
				D5333A9A2C15FDC200E7FB6A /* SaveLocationSearchView.swift in Sources */,
				D5A92D172C14E7F800E6952E /* LoginView.swift in Sources */,
				D5A92D0E2C14BB1300E6952E /* UberLocation.swift in Sources */,
				D5333A9C2C16060300E7FB6A /* LocationSearchResultView.swift in Sources */,
				D566708D2C158B7A00A2FAF2 /* String.swift in Sources */,
				D5A92CF02C1427CB00E6952E /* UberMapViewRepresentable.swift in Sources */,
				D5A92CEE2C14279100E6952E /* HomeView.swift in Sources */,
				D56670812C15816400A2FAF2 /* AuthViewModel.swift in Sources */,
				D56670992C15ACFC00A2FAF2 /* SideMenuView.swift in Sources */,
				D5A92CF82C14325600E6952E /* LocationSearchActivationView.swift in Sources */,
				D5A92CFE2C143DA400E6952E /* LocationSearchResultCell.swift in Sources */,
				D5D381392C15D87C00EBB02F /* RoundedImageView.swift in Sources */,
				D5A92D072C149D9F00E6952E /* RideType.swift in Sources */,
				D56670942C159AB600A2FAF2 /* CustomProgressView.swift in Sources */,
				D566708B2C1584A600A2FAF2 /* UserItem.swift in Sources */,
			);
			runOnlyForDeploymentPostprocessing = 0;
		};
/* End PBXSourcesBuildPhase section */

/* Begin XCBuildConfiguration section */
		D5A92CE12C14270E00E6952E /* Debug */ = {
			isa = XCBuildConfiguration;
			buildSettings = {
				ALWAYS_SEARCH_USER_PATHS = NO;
				ASSETCATALOG_COMPILER_GENERATE_SWIFT_ASSET_SYMBOL_EXTENSIONS = YES;
				CLANG_ANALYZER_NONNULL = YES;
				CLANG_ANALYZER_NUMBER_OBJECT_CONVERSION = YES_AGGRESSIVE;
				CLANG_CXX_LANGUAGE_STANDARD = "gnu++20";
				CLANG_ENABLE_MODULES = YES;
				CLANG_ENABLE_OBJC_ARC = YES;
				CLANG_ENABLE_OBJC_WEAK = YES;
				CLANG_WARN_BLOCK_CAPTURE_AUTORELEASING = YES;
				CLANG_WARN_BOOL_CONVERSION = YES;
				CLANG_WARN_COMMA = YES;
				CLANG_WARN_CONSTANT_CONVERSION = YES;
				CLANG_WARN_DEPRECATED_OBJC_IMPLEMENTATIONS = YES;
				CLANG_WARN_DIRECT_OBJC_ISA_USAGE = YES_ERROR;
				CLANG_WARN_DOCUMENTATION_COMMENTS = YES;
				CLANG_WARN_EMPTY_BODY = YES;
				CLANG_WARN_ENUM_CONVERSION = YES;
				CLANG_WARN_INFINITE_RECURSION = YES;
				CLANG_WARN_INT_CONVERSION = YES;
				CLANG_WARN_NON_LITERAL_NULL_CONVERSION = YES;
				CLANG_WARN_OBJC_IMPLICIT_RETAIN_SELF = YES;
				CLANG_WARN_OBJC_LITERAL_CONVERSION = YES;
				CLANG_WARN_OBJC_ROOT_CLASS = YES_ERROR;
				CLANG_WARN_QUOTED_INCLUDE_IN_FRAMEWORK_HEADER = YES;
				CLANG_WARN_RANGE_LOOP_ANALYSIS = YES;
				CLANG_WARN_STRICT_PROTOTYPES = YES;
				CLANG_WARN_SUSPICIOUS_MOVE = YES;
				CLANG_WARN_UNGUARDED_AVAILABILITY = YES_AGGRESSIVE;
				CLANG_WARN_UNREACHABLE_CODE = YES;
				CLANG_WARN__DUPLICATE_METHOD_MATCH = YES;
				COPY_PHASE_STRIP = NO;
				DEBUG_INFORMATION_FORMAT = dwarf;
				ENABLE_STRICT_OBJC_MSGSEND = YES;
				ENABLE_TESTABILITY = YES;
				ENABLE_USER_SCRIPT_SANDBOXING = YES;
				GCC_C_LANGUAGE_STANDARD = gnu17;
				GCC_DYNAMIC_NO_PIC = NO;
				GCC_NO_COMMON_BLOCKS = YES;
				GCC_OPTIMIZATION_LEVEL = 0;
				GCC_PREPROCESSOR_DEFINITIONS = (
					"DEBUG=1",
					"$(inherited)",
				);
				GCC_WARN_64_TO_32_BIT_CONVERSION = YES;
				GCC_WARN_ABOUT_RETURN_TYPE = YES_ERROR;
				GCC_WARN_UNDECLARED_SELECTOR = YES;
				GCC_WARN_UNINITIALIZED_AUTOS = YES_AGGRESSIVE;
				GCC_WARN_UNUSED_FUNCTION = YES;
				GCC_WARN_UNUSED_VARIABLE = YES;
				IPHONEOS_DEPLOYMENT_TARGET = 17.5;
				LOCALIZATION_PREFERS_STRING_CATALOGS = YES;
				MTL_ENABLE_DEBUG_INFO = INCLUDE_SOURCE;
				MTL_FAST_MATH = YES;
				ONLY_ACTIVE_ARCH = YES;
				SDKROOT = iphoneos;
				SWIFT_ACTIVE_COMPILATION_CONDITIONS = "DEBUG $(inherited)";
				SWIFT_OPTIMIZATION_LEVEL = "-Onone";
			};
			name = Debug;
		};
		D5A92CE22C14270E00E6952E /* Release */ = {
			isa = XCBuildConfiguration;
			buildSettings = {
				ALWAYS_SEARCH_USER_PATHS = NO;
				ASSETCATALOG_COMPILER_GENERATE_SWIFT_ASSET_SYMBOL_EXTENSIONS = YES;
				CLANG_ANALYZER_NONNULL = YES;
				CLANG_ANALYZER_NUMBER_OBJECT_CONVERSION = YES_AGGRESSIVE;
				CLANG_CXX_LANGUAGE_STANDARD = "gnu++20";
				CLANG_ENABLE_MODULES = YES;
				CLANG_ENABLE_OBJC_ARC = YES;
				CLANG_ENABLE_OBJC_WEAK = YES;
				CLANG_WARN_BLOCK_CAPTURE_AUTORELEASING = YES;
				CLANG_WARN_BOOL_CONVERSION = YES;
				CLANG_WARN_COMMA = YES;
				CLANG_WARN_CONSTANT_CONVERSION = YES;
				CLANG_WARN_DEPRECATED_OBJC_IMPLEMENTATIONS = YES;
				CLANG_WARN_DIRECT_OBJC_ISA_USAGE = YES_ERROR;
				CLANG_WARN_DOCUMENTATION_COMMENTS = YES;
				CLANG_WARN_EMPTY_BODY = YES;
				CLANG_WARN_ENUM_CONVERSION = YES;
				CLANG_WARN_INFINITE_RECURSION = YES;
				CLANG_WARN_INT_CONVERSION = YES;
				CLANG_WARN_NON_LITERAL_NULL_CONVERSION = YES;
				CLANG_WARN_OBJC_IMPLICIT_RETAIN_SELF = YES;
				CLANG_WARN_OBJC_LITERAL_CONVERSION = YES;
				CLANG_WARN_OBJC_ROOT_CLASS = YES_ERROR;
				CLANG_WARN_QUOTED_INCLUDE_IN_FRAMEWORK_HEADER = YES;
				CLANG_WARN_RANGE_LOOP_ANALYSIS = YES;
				CLANG_WARN_STRICT_PROTOTYPES = YES;
				CLANG_WARN_SUSPICIOUS_MOVE = YES;
				CLANG_WARN_UNGUARDED_AVAILABILITY = YES_AGGRESSIVE;
				CLANG_WARN_UNREACHABLE_CODE = YES;
				CLANG_WARN__DUPLICATE_METHOD_MATCH = YES;
				COPY_PHASE_STRIP = NO;
				DEBUG_INFORMATION_FORMAT = "dwarf-with-dsym";
				ENABLE_NS_ASSERTIONS = NO;
				ENABLE_STRICT_OBJC_MSGSEND = YES;
				ENABLE_USER_SCRIPT_SANDBOXING = YES;
				GCC_C_LANGUAGE_STANDARD = gnu17;
				GCC_NO_COMMON_BLOCKS = YES;
				GCC_WARN_64_TO_32_BIT_CONVERSION = YES;
				GCC_WARN_ABOUT_RETURN_TYPE = YES_ERROR;
				GCC_WARN_UNDECLARED_SELECTOR = YES;
				GCC_WARN_UNINITIALIZED_AUTOS = YES_AGGRESSIVE;
				GCC_WARN_UNUSED_FUNCTION = YES;
				GCC_WARN_UNUSED_VARIABLE = YES;
				IPHONEOS_DEPLOYMENT_TARGET = 17.5;
				LOCALIZATION_PREFERS_STRING_CATALOGS = YES;
				MTL_ENABLE_DEBUG_INFO = NO;
				MTL_FAST_MATH = YES;
				SDKROOT = iphoneos;
				SWIFT_COMPILATION_MODE = wholemodule;
				VALIDATE_PRODUCT = YES;
			};
			name = Release;
		};
		D5A92CE42C14270E00E6952E /* Debug */ = {
			isa = XCBuildConfiguration;
			buildSettings = {
				ASSETCATALOG_COMPILER_APPICON_NAME = AppIcon;
				ASSETCATALOG_COMPILER_GLOBAL_ACCENT_COLOR_NAME = AccentColor;
				CODE_SIGN_STYLE = Automatic;
				CURRENT_PROJECT_VERSION = 1;
				DEVELOPMENT_ASSET_PATHS = "\"UberSwiftUI/Preview Content\"";
				ENABLE_PREVIEWS = YES;
				GENERATE_INFOPLIST_FILE = YES;
				INFOPLIST_KEY_NSLocationWhenInUseUsageDescription = "Please allow to find you near by drivers and rides";
				INFOPLIST_KEY_UIApplicationSceneManifest_Generation = YES;
				INFOPLIST_KEY_UIApplicationSupportsIndirectInputEvents = YES;
				INFOPLIST_KEY_UILaunchScreen_Generation = YES;
				INFOPLIST_KEY_UISupportedInterfaceOrientations_iPad = "UIInterfaceOrientationPortrait UIInterfaceOrientationPortraitUpsideDown UIInterfaceOrientationLandscapeLeft UIInterfaceOrientationLandscapeRight";
				INFOPLIST_KEY_UISupportedInterfaceOrientations_iPhone = "UIInterfaceOrientationPortrait UIInterfaceOrientationLandscapeLeft UIInterfaceOrientationLandscapeRight";
				LD_RUNPATH_SEARCH_PATHS = (
					"$(inherited)",
					"@executable_path/Frameworks",
				);
				MARKETING_VERSION = 1.0;
				PRODUCT_BUNDLE_IDENTIFIER = app.hardibsalih.UberSwiftUI;
				PRODUCT_NAME = "$(TARGET_NAME)";
				SWIFT_EMIT_LOC_STRINGS = YES;
				SWIFT_VERSION = 5.0;
				TARGETED_DEVICE_FAMILY = "1,2";
			};
			name = Debug;
		};
		D5A92CE52C14270E00E6952E /* Release */ = {
			isa = XCBuildConfiguration;
			buildSettings = {
				ASSETCATALOG_COMPILER_APPICON_NAME = AppIcon;
				ASSETCATALOG_COMPILER_GLOBAL_ACCENT_COLOR_NAME = AccentColor;
				CODE_SIGN_STYLE = Automatic;
				CURRENT_PROJECT_VERSION = 1;
				DEVELOPMENT_ASSET_PATHS = "\"UberSwiftUI/Preview Content\"";
				ENABLE_PREVIEWS = YES;
				GENERATE_INFOPLIST_FILE = YES;
				INFOPLIST_KEY_NSLocationWhenInUseUsageDescription = "Please allow to find you near by drivers and rides";
				INFOPLIST_KEY_UIApplicationSceneManifest_Generation = YES;
				INFOPLIST_KEY_UIApplicationSupportsIndirectInputEvents = YES;
				INFOPLIST_KEY_UILaunchScreen_Generation = YES;
				INFOPLIST_KEY_UISupportedInterfaceOrientations_iPad = "UIInterfaceOrientationPortrait UIInterfaceOrientationPortraitUpsideDown UIInterfaceOrientationLandscapeLeft UIInterfaceOrientationLandscapeRight";
				INFOPLIST_KEY_UISupportedInterfaceOrientations_iPhone = "UIInterfaceOrientationPortrait UIInterfaceOrientationLandscapeLeft UIInterfaceOrientationLandscapeRight";
				LD_RUNPATH_SEARCH_PATHS = (
					"$(inherited)",
					"@executable_path/Frameworks",
				);
				MARKETING_VERSION = 1.0;
				PRODUCT_BUNDLE_IDENTIFIER = app.hardibsalih.UberSwiftUI;
				PRODUCT_NAME = "$(TARGET_NAME)";
				SWIFT_EMIT_LOC_STRINGS = YES;
				SWIFT_VERSION = 5.0;
				TARGETED_DEVICE_FAMILY = "1,2";
			};
			name = Release;
		};
/* End XCBuildConfiguration section */

/* Begin XCConfigurationList section */
		D5A92CD02C14270B00E6952E /* Build configuration list for PBXProject "UberSwiftUI" */ = {
			isa = XCConfigurationList;
			buildConfigurations = (
				D5A92CE12C14270E00E6952E /* Debug */,
				D5A92CE22C14270E00E6952E /* Release */,
			);
			defaultConfigurationIsVisible = 0;
			defaultConfigurationName = Release;
		};
		D5A92CE32C14270E00E6952E /* Build configuration list for PBXNativeTarget "UberSwiftUI" */ = {
			isa = XCConfigurationList;
			buildConfigurations = (
				D5A92CE42C14270E00E6952E /* Debug */,
				D5A92CE52C14270E00E6952E /* Release */,
			);
			defaultConfigurationIsVisible = 0;
			defaultConfigurationName = Release;
		};
/* End XCConfigurationList section */

/* Begin XCRemoteSwiftPackageReference section */
		D5333A902C15D92700E7FB6A /* XCRemoteSwiftPackageReference "Kingfisher" */ = {
			isa = XCRemoteSwiftPackageReference;
			repositoryURL = "https://github.com/onevcat/Kingfisher";
			requirement = {
				kind = upToNextMajorVersion;
				minimumVersion = 7.11.0;
			};
		};
		D56670732C157D3400A2FAF2 /* XCRemoteSwiftPackageReference "firebase-ios-sdk" */ = {
			isa = XCRemoteSwiftPackageReference;
			repositoryURL = "https://github.com/firebase/firebase-ios-sdk";
			requirement = {
				kind = upToNextMajorVersion;
				minimumVersion = 10.27.0;
			};
		};
/* End XCRemoteSwiftPackageReference section */

/* Begin XCSwiftPackageProductDependency section */
		D5333A912C15D92700E7FB6A /* Kingfisher */ = {
			isa = XCSwiftPackageProductDependency;
			package = D5333A902C15D92700E7FB6A /* XCRemoteSwiftPackageReference "Kingfisher" */;
			productName = Kingfisher;
		};
		D56670752C157D9200A2FAF2 /* FirebaseAuth */ = {
			isa = XCSwiftPackageProductDependency;
			package = D56670732C157D3400A2FAF2 /* XCRemoteSwiftPackageReference "firebase-ios-sdk" */;
			productName = FirebaseAuth;
		};
		D56670772C157DA300A2FAF2 /* FirebaseFirestore */ = {
			isa = XCSwiftPackageProductDependency;
			package = D56670732C157D3400A2FAF2 /* XCRemoteSwiftPackageReference "firebase-ios-sdk" */;
			productName = FirebaseFirestore;
		};
		D56670792C157DA300A2FAF2 /* FirebaseFirestoreSwift */ = {
			isa = XCSwiftPackageProductDependency;
			package = D56670732C157D3400A2FAF2 /* XCRemoteSwiftPackageReference "firebase-ios-sdk" */;
			productName = FirebaseFirestoreSwift;
		};
		D566707B2C157DAC00A2FAF2 /* FirebaseStorage */ = {
			isa = XCSwiftPackageProductDependency;
			package = D56670732C157D3400A2FAF2 /* XCRemoteSwiftPackageReference "firebase-ios-sdk" */;
			productName = FirebaseStorage;
		};
/* End XCSwiftPackageProductDependency section */
	};
	rootObject = D5A92CCD2C14270B00E6952E /* Project object */;
}
